
Microsoft Visual Studio Solution File, Format Version 12.00
# Visual Studio 15
VisualStudioVersion = 15.0.28010.2046
MinimumVisualStudioVersion = 10.0.40219.1
Project("{8BC9CEB8-8B4A-11D0-8D11-00A0C91BC942}") = "КП 4 сем Сервер", "КП 4 сем Сервер.vcxproj", "{A52593A8-C5E9-4A41-9168-84C953FB3CD2}"
EndProject
Global
	GlobalSection(SolutionConfigurationPlatforms) = preSolution
		Debug|x64 = Debug|x64
		Debug|x86 = Debug|x86
		Release|x64 = Release|x64
		Release|x86 = Release|x86
	EndGlobalSection
	GlobalSection(ProjectConfigurationPlatforms) = postSolution
		{A52593A8-C5E9-4A41-9168-84C953FB3CD2}.Debug|x64.ActiveCfg = Debug|x64
		{A52593A8-C5E9-4A41-9168-84C953FB3CD2}.Debug|x64.Build.0 = Debug|x64
		{A52593A8-C5E9-4A41-9168-84C953FB3CD2}.Debug|x86.ActiveCfg = Debug|Win32
		{A52593A8-C5E9-4A41-9168-84C953FB3CD2}.Debug|x86.Build.0 = Debug|Win32
		{A52593A8-C5E9-4A41-9168-84C953FB3CD2}.Release|x64.ActiveCfg = Release|x64
		{A52593A8-C5E9-4A41-9168-84C953FB3CD2}.Release|x64.Build.0 = Release|x64
		{A52593A8-C5E9-4A41-9168-84C953FB3CD2}.Release|x86.ActiveCfg = Release|Win32
		{A52593A8-C5E9-4A41-9168-84C953FB3CD2}.Release|x86.Build.0 = Release|Win32
	EndGlobalSection
	GlobalSection(SolutionProperties) = preSolution
		HideSolutionNode = FALSE
	EndGlobalSection
	GlobalSection(ExtensibilityGlobals) = postSolution
		SolutionGuid = {05D12512-1C71-46F5-9DD9-DCCE57CE1D12}
	EndGlobalSection
EndGlobal
